{
    "_meta": {
        "hash": {
            "sha256": "992f99d761731a9eea7af3f7d14feac5feabe6c62aa3ec863823406319e2ae40"
        },
        "pipfile-spec": 6,
        "requires": {},
        "sources": [
            {
                "name": "pypi",
                "url": "https://pypi.org/simple",
                "verify_ssl": true
            }
        ]
    },
    "default": {
        "ansi2html": {
            "hashes": [
                "sha256:3453bf87535d37b827b05245faaa756dbab4ec3d69925e352b6319c3c955c0a5",
                "sha256:dccb75aa95fb018e5d299be2b45f802952377abfdce0504c17a6ee6ef0a420c5"
            ],
            "index": "pypi",
            "markers": "python_version >= '3.7'",
            "version": "==1.9.2"
        },
        "pyqt5": {
            "hashes": [
                "sha256:6cd75628f6e732b1ffcfe709ab833a0716c0445d7aec8046a48d5843352becb6",
                "sha256:76be0322ceda5deecd1708a8d628e698089a1cea80d1a49d242a6d579a40babd",
                "sha256:bdde598a3bb95022131a5c9ea62e0a96bd6fb28932cc1619fd7ba211531b7517",
                "sha256:c8b03dd9380bb13c804f0bdb0f4956067f281785b5e12303d529f0462f9afdc2",
                "sha256:cd672a6738d1ae33ef7d9efa8e6cb0a1525ecf53ec86da80a9e1b6ec38c8d0f1",
                "sha256:fda45743ebb4a27b4b1a51c6d8ef455c4c1b5d610c90d2934c7802b5c1557c52"
            ],
            "index": "pypi",
            "markers": "python_version >= '3.8'",
            "version": "==5.15.11"
        },
        "pyqt5-qt5": {
            "hashes": [
                "sha256:18b6fec012de60921fcb131cf2a21368171dc29050d43e4b81a64be407a36105",
                "sha256:5ee1754a6460849cba76c0f0c490c0ccc3b514abc780b141cf772db22b76b54b",
                "sha256:e1a0e7ae35a7615c74a293705204579650930486a89af23082462f429dae504a"
            ],
            "index": "pypi",
            "version": "==5.15.16"
        },
        "pyqt5-sip": {
            "hashes": [
                "sha256:09bfdb5f9adea15a542cbe4b89873a6b290c4f1669f66bb5f1a24993ce8bbdd0",
                "sha256:2349f118dc6f01ee71fe57d8bab9e606ecf241468989abb23b5691d5538d7a69",
                "sha256:2b35ff92caa569e540675ffcd79ffbf3e7092cccf7166f89e2a8b388db80aa1c",
                "sha256:389ea632df16794325652fe1a84d4ea77c7ed0240040979dada725473ad1d875",
                "sha256:633cba509a98bd626def951bb948d4e736635acbd0b7fabd7be55a3a096a8a0b",
                "sha256:639d0f3767f17c9b7e2c1161a563f1a8da8dc16a348f9fc24314882c0ba57c5e",
                "sha256:67dbdc1b3be045caebfc75ee87966e23c6bee61d94cb634ddd71b634c9089890",
                "sha256:72e8be41f053cd2338d373b70cfa8f725f05c7551e014161ae0484c7ffdb5b3d",
                "sha256:7fd6fbff57ba2cda32f1d5ea49500cff6f29e1cafdf41f40b99ed744bdac14a0",
                "sha256:8afd633d5f35e4e5205680d310800d10d30fcbfb6bb7b852bfaa31097c1be449",
                "sha256:8c831f8b619811a32369d72339faa50ae53a963f5fdfa4d71f845c63e9673125",
                "sha256:98b99fcdebbbfc999f4ab10829749151eb371b79201ecd98f20e934c16d0193e",
                "sha256:9f6878df5cca870cd48b406c48136842c02f7b0e2a3b7c47cb84dcddcebc5758",
                "sha256:a0f83f554727f43dfe92afbf3a8c51e83bb8b78c5f160b635d4359fad681cebe",
                "sha256:b3bfe33e849818a32164fc19346fc889a47ba8b23f803508eac9a5d9d06f59d9",
                "sha256:b6d06f6b49c7cd70db44277e21134390dcabb709da434d63754c9968ff6d98e2",
                "sha256:bbabdcc031e40417333bdd9e59d8add815c8f0663ebfcbcd3024bdeb55f35e9c",
                "sha256:c2b99bbd915f7649536b46be6f4740122c0ff1a76dc3dcb0c856c7cc770b3545",
                "sha256:e2bd572cfb969089c2813c85d6e1393ec1a0aeecebc53934ba9f062acf440b50",
                "sha256:f6724c590de3d556c730ebda8b8f906b38373934472209e94d99357b52b56f5f",
                "sha256:ffd748efbc9396a7a72de0d617acfd248c04e02dd28cd80e6bc3bf26214786e7"
            ],
            "index": "pypi",
            "markers": "python_version >= '3.9'",
            "version": "==12.16.1"
        }
    },
    "develop": {}
}
